# This file is automatically @generated by Cargo.
# It is not intended for manual editing.
version = 4

[[package]]
name = "bank-bench"
version = "0.1.0"
dependencies = [
 "conservation-suite",
]

[[package]]
name = "conservation-suite"
version = "0.1.0"
dependencies = [
 "nilestream-ledger",
]

[[package]]
name = "experiments"
version = "0.1.0"
dependencies = [
 "nilestream-ledger",
 "proto-engine",
]

[[package]]
name = "gbs-kernel"
version = "0.1.0"
dependencies = [
 "nilestream-ledger",
]

[[package]]
name = "gbs-mechanisms"
version = "0.1.0"
dependencies = [
 "gbs-kernel",
]

[[package]]
name = "gbs-products"
version = "0.1.0"
dependencies = [
 "gbs-kernel",
 "gbs-mechanisms",
]

[[package]]
name = "niles-interp"
version = "0.1.0"
dependencies = [
 "niles-lang",
]

[[package]]
name = "niles-ir"
version = "0.1.0"

[[package]]
name = "niles-lang"
version = "0.1.0"
dependencies = [
 "niles-ir",
]

[[package]]
name = "niles-stdlib"
version = "0.1.0"

[[package]]
name = "nilesc"
version = "0.1.0"
dependencies = [
 "niles-ir",
 "niles-lang",
 "nilestream-optimizer",
]

[[package]]
name = "nilestream"
version = "0.1.0"
dependencies = [
 "niles-ir",
 "niles-lang",
 "nilestream-core",
 "proto-engine",
]

[[package]]
name = "nilestream-consensus"
version = "0.1.0"
dependencies = [
 "nilestream-ledger",
]

[[package]]
name = "nilestream-core"
version = "0.1.0"
dependencies = [
 "niles-ir",
 "nilestream-ledger",
]

[[package]]
name = "nilestream-ledger"
version = "0.1.0"

[[package]]
name = "nilestream-lineage"
version = "0.1.0"

[[package]]
name = "nilestream-optimizer"
version = "0.1.0"
dependencies = [
 "niles-ir",
]

[[package]]
name = "nilestream-server"
version = "0.1.0"
dependencies = [
 "niles-ir",
 "niles-lang",
 "nilestream-core",
 "nilestream-ledger",
 "nilestream-storage",
]

[[package]]
name = "nilestream-storage"
version = "0.1.0"
dependencies = [
 "nilestream-ledger",
]

[[package]]
name = "proto-engine"
version = "0.1.0"
dependencies = [
 "nilestream-ledger",
]
